
Microsoft Visual Studio Solution File, Format Version 12.00
# Visual Studio Version 17
VisualStudioVersion = 17.9.34723.18
MinimumVisualStudioVersion = 10.0.40219.1
Project("{FAE04EC0-301F-11D3-BF4B-00C04F79EFBC}") = "Standard_Algorithms", "Standard_Algorithms\Standard_Algorithms.csproj", "{7743C161-0760-4BA6-9FF8-6E5382FA284D}"
EndProject
Global
	GlobalSection(SolutionConfigurationPlatforms) = preSolution
		Debug|Any CPU = Debug|Any CPU
		Release|Any CPU = Release|Any CPU
	EndGlobalSection
	GlobalSection(ProjectConfigurationPlatforms) = postSolution
		{7743C161-0760-4BA6-9FF8-6E5382FA284D}.Debug|Any CPU.ActiveCfg = Debug|Any CPU
		{7743C161-0760-4BA6-9FF8-6E5382FA284D}.Debug|Any CPU.Build.0 = Debug|Any CPU
		{7743C161-0760-4BA6-9FF8-6E5382FA284D}.Release|Any CPU.ActiveCfg = Release|Any CPU
		{7743C161-0760-4BA6-9FF8-6E5382FA284D}.Release|Any CPU.Build.0 = Release|Any CPU
	EndGlobalSection
	GlobalSection(SolutionProperties) = preSolution
		HideSolutionNode = FALSE
	EndGlobalSection
	GlobalSection(ExtensibilityGlobals) = postSolution
		SolutionGuid = {4C30C9B6-FC02-4482-9109-381CB95FEC35}
	EndGlobalSection
EndGlobal
